{
  "name": "web-worm",
  "version": "1.0.0",
  "lockfileVersion": 1,
  "requires": true,
  "dependencies": {
    "coffeescript": {
      "version": "2.4.1",
      "resolved": "https://registry.npmjs.org/coffeescript/-/coffeescript-2.4.1.tgz",
      "integrity": "sha512-34GV1aHrsMpTaO3KfMJL40ZNuvKDR/g98THHnE9bQj8HjMaZvSrLik99WWqyMhRtbe8V5hpx5iLgdcSvM/S2wg=="
    },
    "ws-rmi": {
      "version": "file:../../ws-rmi",
      "requires": {
        "coffeescript": "^2.3.2",
        "http": "0.0.0",
        "https": "^1.0.0",
        "logger": "0.0.1",
        "node-ipc": "^9.1.1",
        "ws": "^6.1.3"
      }
    }
  }
}
